// !$*UTF8*$!
{
	archiveVersion = 1;
	classes = {
	};
	objectVersion = 51;
	objects = {

/* Begin PBXBuildFile section */
		07F428E74E176DF07B7D5479 /* Pods_NotificationServiceExtension.framework in Frameworks */ = {isa = PBXBuildFile; fileRef = 740D0FB3650CA4B8F284573E /* Pods_NotificationServiceExtension.framework */; };
		09640C1E2818FD14009C9626 /* StandardError.swift in Sources */ = {isa = PBXBuildFile; fileRef = 09640C1D2818FD14009C9626 /* StandardError.swift */; };
		09640C2228190184009C9626 /* ErrorHandler.swift in Sources */ = {isa = PBXBuildFile; fileRef = 09640C2128190184009C9626 /* ErrorHandler.swift */; };
		09AD0B8E27FEF11200958BAD /* BannerView.swift in Sources */ = {isa = PBXBuildFile; fileRef = 09AD0B8D27FEF11200958BAD /* BannerView.swift */; };
		09AD0B9127FF20FD00958BAD /* ImageLoader.swift in Sources */ = {isa = PBXBuildFile; fileRef = 09AD0B9027FF20FD00958BAD /* ImageLoader.swift */; };
		09B901BE2817F92F005663F4 /* NotificationRegistrationHelper.swift in Sources */ = {isa = PBXBuildFile; fileRef = 09B901BD2817F92F005663F4 /* NotificationRegistrationHelper.swift */; };
		09DD87D22860635100F503C9 /* CreatablesViewModel.swift in Sources */ = {isa = PBXBuildFile; fileRef = 09DD87D12860635100F503C9 /* CreatablesViewModel.swift */; };
		09DD87F02861A00000F503C9 /* NotificationService.swift in Sources */ = {isa = PBXBuildFile; fileRef = 09DD87EF2861A00000F503C9 /* NotificationService.swift */; };
		09DD87F42861A00000F503C9 /* NotificationServiceExtension.appex in Embed App Extensions */ = {isa = PBXBuildFile; fileRef = 09DD87ED2861A00000F503C9 /* NotificationServiceExtension.appex */; settings = {ATTRIBUTES = (RemoveHeadersOnCopy, ); }; };
		09E05F53285B03A5005C7B94 /* CreatablesExampleTableViewCell.swift in Sources */ = {isa = PBXBuildFile; fileRef = 09E05F4F285B03A5005C7B94 /* CreatablesExampleTableViewCell.swift */; };
		09E05F54285B03A5005C7B94 /* CreatablesExampleViewController.swift in Sources */ = {isa = PBXBuildFile; fileRef = 09E05F50285B03A5005C7B94 /* CreatablesExampleViewController.swift */; };
		09E05F55285B03A5005C7B94 /* CreatablesExampleViewModel.swift in Sources */ = {isa = PBXBuildFile; fileRef = 09E05F51285B03A5005C7B94 /* CreatablesExampleViewModel.swift */; };
		3ED5CD1C275E7A0F00C7D877 /* CreatablesView.swift in Sources */ = {isa = PBXBuildFile; fileRef = 3ED5CD1B275E7A0E00C7D877 /* CreatablesView.swift */; };
		3EFB4E4027A4301D0004BE5E /* IdentityView.swift in Sources */ = {isa = PBXBuildFile; fileRef = 3EFB4E3F27A4301D0004BE5E /* IdentityView.swift */; };
		3FA1EF186BD30C3A0EB371A8 /* Pods_SampleApp.framework in Frameworks */ = {isa = PBXBuildFile; fileRef = 7AB1AA0FB8D493ED0238EC14 /* Pods_SampleApp.framework */; };
		48D6F16B251E1ECF006CA623 /* AppDelegate.swift in Sources */ = {isa = PBXBuildFile; fileRef = 48D6F16A251E1ECF006CA623 /* AppDelegate.swift */; };
		48D6F16D251E1ECF006CA623 /* SceneDelegate.swift in Sources */ = {isa = PBXBuildFile; fileRef = 48D6F16C251E1ECF006CA623 /* SceneDelegate.swift */; };
		48D6F174251E1ED0006CA623 /* Assets.xcassets in Resources */ = {isa = PBXBuildFile; fileRef = 48D6F173251E1ED0006CA623 /* Assets.xcassets */; };
		48D6F177251E1ED0006CA623 /* LaunchScreen.storyboard in Resources */ = {isa = PBXBuildFile; fileRef = 48D6F175251E1ED0006CA623 /* LaunchScreen.storyboard */; };
		96AED99126CFEFF600F6C750 /* ModulesView.swift in Sources */ = {isa = PBXBuildFile; fileRef = 96AED99026CFEFF600F6C750 /* ModulesView.swift */; };
		96AED99326CFF4A500F6C750 /* DeviceRegistrationView.swift in Sources */ = {isa = PBXBuildFile; fileRef = 96AED99226CFF4A500F6C750 /* DeviceRegistrationView.swift */; };
		96AED99626CFF5CA00F6C750 /* ResultView.swift in Sources */ = {isa = PBXBuildFile; fileRef = 96AED99526CFF5CA00F6C750 /* ResultView.swift */; };
		96AED99826CFF93300F6C750 /* EventsLoggingView.swift in Sources */ = {isa = PBXBuildFile; fileRef = 96AED99726CFF93300F6C750 /* EventsLoggingView.swift */; };
		96AED99A26CFFC3200F6C750 /* TextInput.swift in Sources */ = {isa = PBXBuildFile; fileRef = 96AED99926CFFC3200F6C750 /* TextInput.swift */; };
		96AED99C26D0079200F6C750 /* AudienceCheckingView.swift in Sources */ = {isa = PBXBuildFile; fileRef = 96AED99B26D0079200F6C750 /* AudienceCheckingView.swift */; };
		96AED99E26D00A2100F6C750 /* WebPageTypeGetterView.swift in Sources */ = {isa = PBXBuildFile; fileRef = 96AED99D26D00A2100F6C750 /* WebPageTypeGetterView.swift */; };
		96AED9A026D00D2400F6C750 /* WebOrderingJourneyView.swift in Sources */ = {isa = PBXBuildFile; fileRef = 96AED99F26D00D2400F6C750 /* WebOrderingJourneyView.swift */; };
		FA11F28E285CC2B0007B3D7C /* TrackPushView.swift in Sources */ = {isa = PBXBuildFile; fileRef = FA11F28D285CC2B0007B3D7C /* TrackPushView.swift */; };
/* End PBXBuildFile section */

/* Begin PBXContainerItemProxy section */
		09DD87F22861A00000F503C9 /* PBXContainerItemProxy */ = {
			isa = PBXContainerItemProxy;
			containerPortal = 48D6F15F251E1ECF006CA623 /* Project object */;
			proxyType = 1;
			remoteGlobalIDString = 09DD87EC2861A00000F503C9;
			remoteInfo = NotificationServiceExtension;
		};
/* End PBXContainerItemProxy section */

/* Begin PBXCopyFilesBuildPhase section */
		09DD87F82861A00000F503C9 /* Embed App Extensions */ = {
			isa = PBXCopyFilesBuildPhase;
			buildActionMask = 2147483647;
			dstPath = "";
			dstSubfolderSpec = 13;
			files = (
				09DD87F42861A00000F503C9 /* NotificationServiceExtension.appex in Embed App Extensions */,
			);
			name = "Embed App Extensions";
			runOnlyForDeploymentPostprocessing = 0;
		};
/* End PBXCopyFilesBuildPhase section */

/* Begin PBXFileReference section */
		09640C1D2818FD14009C9626 /* StandardError.swift */ = {isa = PBXFileReference; lastKnownFileType = sourcecode.swift; path = StandardError.swift; sourceTree = "<group>"; };
		09640C2128190184009C9626 /* ErrorHandler.swift */ = {isa = PBXFileReference; lastKnownFileType = sourcecode.swift; path = ErrorHandler.swift; sourceTree = "<group>"; };
		09AD0B8D27FEF11200958BAD /* BannerView.swift */ = {isa = PBXFileReference; lastKnownFileType = sourcecode.swift; path = BannerView.swift; sourceTree = "<group>"; };
		09AD0B9027FF20FD00958BAD /* ImageLoader.swift */ = {isa = PBXFileReference; lastKnownFileType = sourcecode.swift; path = ImageLoader.swift; sourceTree = "<group>"; };
		09B901BD2817F92F005663F4 /* NotificationRegistrationHelper.swift */ = {isa = PBXFileReference; lastKnownFileType = sourcecode.swift; path = NotificationRegistrationHelper.swift; sourceTree = "<group>"; };
		09DD87D12860635100F503C9 /* CreatablesViewModel.swift */ = {isa = PBXFileReference; lastKnownFileType = sourcecode.swift; path = CreatablesViewModel.swift; sourceTree = "<group>"; };
		09DD87ED2861A00000F503C9 /* NotificationServiceExtension.appex */ = {isa = PBXFileReference; explicitFileType = "wrapper.app-extension"; includeInIndex = 0; path = NotificationServiceExtension.appex; sourceTree = BUILT_PRODUCTS_DIR; };
		09DD87EF2861A00000F503C9 /* NotificationService.swift */ = {isa = PBXFileReference; lastKnownFileType = sourcecode.swift; path = NotificationService.swift; sourceTree = "<group>"; };
		09DD87F12861A00000F503C9 /* Info.plist */ = {isa = PBXFileReference; lastKnownFileType = text.plist.xml; path = Info.plist; sourceTree = "<group>"; };
		09DD87F92861A08200F503C9 /* NotificationServiceExtension.entitlements */ = {isa = PBXFileReference; lastKnownFileType = text.plist.entitlements; path = NotificationServiceExtension.entitlements; sourceTree = "<group>"; };
		09E05F4F285B03A5005C7B94 /* CreatablesExampleTableViewCell.swift */ = {isa = PBXFileReference; fileEncoding = 4; lastKnownFileType = sourcecode.swift; path = CreatablesExampleTableViewCell.swift; sourceTree = "<group>"; };
		09E05F50285B03A5005C7B94 /* CreatablesExampleViewController.swift */ = {isa = PBXFileReference; fileEncoding = 4; lastKnownFileType = sourcecode.swift; path = CreatablesExampleViewController.swift; sourceTree = "<group>"; };
		09E05F51285B03A5005C7B94 /* CreatablesExampleViewModel.swift */ = {isa = PBXFileReference; fileEncoding = 4; lastKnownFileType = sourcecode.swift; path = CreatablesExampleViewModel.swift; sourceTree = "<group>"; };
		24B5A30AADA5127C79EF904C /* Pods-NotificationServiceExtension.release.xcconfig */ = {isa = PBXFileReference; includeInIndex = 1; lastKnownFileType = text.xcconfig; name = "Pods-NotificationServiceExtension.release.xcconfig"; path = "Target Support Files/Pods-NotificationServiceExtension/Pods-NotificationServiceExtension.release.xcconfig"; sourceTree = "<group>"; };
		2B8DAC5C8E1C8CAC73D3DC8D /* Pods-NotificationServiceExtension.debug.xcconfig */ = {isa = PBXFileReference; includeInIndex = 1; lastKnownFileType = text.xcconfig; name = "Pods-NotificationServiceExtension.debug.xcconfig"; path = "Target Support Files/Pods-NotificationServiceExtension/Pods-NotificationServiceExtension.debug.xcconfig"; sourceTree = "<group>"; };
		3ED5CD1B275E7A0E00C7D877 /* CreatablesView.swift */ = {isa = PBXFileReference; lastKnownFileType = sourcecode.swift; path = CreatablesView.swift; sourceTree = "<group>"; };
		3EFB4E3F27A4301D0004BE5E /* IdentityView.swift */ = {isa = PBXFileReference; lastKnownFileType = sourcecode.swift; path = IdentityView.swift; sourceTree = "<group>"; };
		48005DCD253072E900B4E8BD /* XCTest.framework */ = {isa = PBXFileReference; lastKnownFileType = wrapper.framework; name = XCTest.framework; path = Platforms/iPhoneOS.platform/Developer/Library/Frameworks/XCTest.framework; sourceTree = DEVELOPER_DIR; };
		48D6F167251E1ECF006CA623 /* SampleApp.app */ = {isa = PBXFileReference; explicitFileType = wrapper.application; includeInIndex = 0; path = SampleApp.app; sourceTree = BUILT_PRODUCTS_DIR; };
		48D6F16A251E1ECF006CA623 /* AppDelegate.swift */ = {isa = PBXFileReference; lastKnownFileType = sourcecode.swift; path = AppDelegate.swift; sourceTree = "<group>"; };
		48D6F16C251E1ECF006CA623 /* SceneDelegate.swift */ = {isa = PBXFileReference; lastKnownFileType = sourcecode.swift; path = SceneDelegate.swift; sourceTree = "<group>"; };
		48D6F173251E1ED0006CA623 /* Assets.xcassets */ = {isa = PBXFileReference; lastKnownFileType = folder.assetcatalog; path = Assets.xcassets; sourceTree = "<group>"; };
		48D6F176251E1ED0006CA623 /* Base */ = {isa = PBXFileReference; lastKnownFileType = file.storyboard; name = Base; path = Base.lproj/LaunchScreen.storyboard; sourceTree = "<group>"; };
		48D6F178251E1ED0006CA623 /* Info.plist */ = {isa = PBXFileReference; lastKnownFileType = text.plist.xml; path = Info.plist; sourceTree = "<group>"; };
		48D6F18D251E1F6D006CA623 /* RealifeTech.framework */ = {isa = PBXFileReference; explicitFileType = wrapper.framework; path = RealifeTech.framework; sourceTree = BUILT_PRODUCTS_DIR; };
		6886AC66D12C19DE321F7209 /* Pods-SampleApp.debug.xcconfig */ = {isa = PBXFileReference; includeInIndex = 1; lastKnownFileType = text.xcconfig; name = "Pods-SampleApp.debug.xcconfig"; path = "Target Support Files/Pods-SampleApp/Pods-SampleApp.debug.xcconfig"; sourceTree = "<group>"; };
		740D0FB3650CA4B8F284573E /* Pods_NotificationServiceExtension.framework */ = {isa = PBXFileReference; explicitFileType = wrapper.framework; includeInIndex = 0; path = Pods_NotificationServiceExtension.framework; sourceTree = BUILT_PRODUCTS_DIR; };
		7AB1AA0FB8D493ED0238EC14 /* Pods_SampleApp.framework */ = {isa = PBXFileReference; explicitFileType = wrapper.framework; includeInIndex = 0; path = Pods_SampleApp.framework; sourceTree = BUILT_PRODUCTS_DIR; };
		965DD254263AE9E900FE0AC1 /* SampleApp.entitlements */ = {isa = PBXFileReference; lastKnownFileType = text.plist.entitlements; path = SampleApp.entitlements; sourceTree = "<group>"; };
		96AED99026CFEFF600F6C750 /* ModulesView.swift */ = {isa = PBXFileReference; lastKnownFileType = sourcecode.swift; path = ModulesView.swift; sourceTree = "<group>"; };
		96AED99226CFF4A500F6C750 /* DeviceRegistrationView.swift */ = {isa = PBXFileReference; lastKnownFileType = sourcecode.swift; path = DeviceRegistrationView.swift; sourceTree = "<group>"; };
		96AED99526CFF5CA00F6C750 /* ResultView.swift */ = {isa = PBXFileReference; lastKnownFileType = sourcecode.swift; path = ResultView.swift; sourceTree = "<group>"; };
		96AED99726CFF93300F6C750 /* EventsLoggingView.swift */ = {isa = PBXFileReference; lastKnownFileType = sourcecode.swift; path = EventsLoggingView.swift; sourceTree = "<group>"; };
		96AED99926CFFC3200F6C750 /* TextInput.swift */ = {isa = PBXFileReference; lastKnownFileType = sourcecode.swift; path = TextInput.swift; sourceTree = "<group>"; };
		96AED99B26D0079200F6C750 /* AudienceCheckingView.swift */ = {isa = PBXFileReference; lastKnownFileType = sourcecode.swift; path = AudienceCheckingView.swift; sourceTree = "<group>"; };
		96AED99D26D00A2100F6C750 /* WebPageTypeGetterView.swift */ = {isa = PBXFileReference; lastKnownFileType = sourcecode.swift; path = WebPageTypeGetterView.swift; sourceTree = "<group>"; };
		96AED99F26D00D2400F6C750 /* WebOrderingJourneyView.swift */ = {isa = PBXFileReference; lastKnownFileType = sourcecode.swift; path = WebOrderingJourneyView.swift; sourceTree = "<group>"; };
		E4C19406F720CA122B0856C4 /* Pods-SampleApp.release.xcconfig */ = {isa = PBXFileReference; includeInIndex = 1; lastKnownFileType = text.xcconfig; name = "Pods-SampleApp.release.xcconfig"; path = "Target Support Files/Pods-SampleApp/Pods-SampleApp.release.xcconfig"; sourceTree = "<group>"; };
		FA11F28D285CC2B0007B3D7C /* TrackPushView.swift */ = {isa = PBXFileReference; lastKnownFileType = sourcecode.swift; path = TrackPushView.swift; sourceTree = "<group>"; };
/* End PBXFileReference section */

/* Begin PBXFrameworksBuildPhase section */
		09DD87EA2861A00000F503C9 /* Frameworks */ = {
			isa = PBXFrameworksBuildPhase;
			buildActionMask = 2147483647;
			files = (
				07F428E74E176DF07B7D5479 /* Pods_NotificationServiceExtension.framework in Frameworks */,
			);
			runOnlyForDeploymentPostprocessing = 0;
		};
		48D6F164251E1ECF006CA623 /* Frameworks */ = {
			isa = PBXFrameworksBuildPhase;
			buildActionMask = 2147483647;
			files = (
				3FA1EF186BD30C3A0EB371A8 /* Pods_SampleApp.framework in Frameworks */,
			);
			runOnlyForDeploymentPostprocessing = 0;
		};
/* End PBXFrameworksBuildPhase section */

/* Begin PBXGroup section */
		09AD0B8F27FF202700958BAD /* Util */ = {
			isa = PBXGroup;
			children = (
				09AD0B9027FF20FD00958BAD /* ImageLoader.swift */,
				09640C1D2818FD14009C9626 /* StandardError.swift */,
				09640C2128190184009C9626 /* ErrorHandler.swift */,
				09B901BD2817F92F005663F4 /* NotificationRegistrationHelper.swift */,
			);
			path = Util;
			sourceTree = "<group>";
		};
		09DD87D02860632400F503C9 /* CreatablesSwiftUIExample */ = {
			isa = PBXGroup;
			children = (
				3ED5CD1B275E7A0E00C7D877 /* CreatablesView.swift */,
				09DD87D12860635100F503C9 /* CreatablesViewModel.swift */,
			);
			path = CreatablesSwiftUIExample;
			sourceTree = "<group>";
		};
		09DD87EE2861A00000F503C9 /* NotificationServiceExtension */ = {
			isa = PBXGroup;
			children = (
				09DD87F92861A08200F503C9 /* NotificationServiceExtension.entitlements */,
				09DD87EF2861A00000F503C9 /* NotificationService.swift */,
				09DD87F12861A00000F503C9 /* Info.plist */,
			);
			path = NotificationServiceExtension;
			sourceTree = "<group>";
		};
		09E05F4E285B03A5005C7B94 /* CreatablesUIKitExample */ = {
			isa = PBXGroup;
			children = (
				09E05F4F285B03A5005C7B94 /* CreatablesExampleTableViewCell.swift */,
				09E05F50285B03A5005C7B94 /* CreatablesExampleViewController.swift */,
				09E05F51285B03A5005C7B94 /* CreatablesExampleViewModel.swift */,
			);
			path = CreatablesUIKitExample;
			sourceTree = "<group>";
		};
		0E8356DCB01200646ECB0DB2 /* Pods */ = {
			isa = PBXGroup;
			children = (
				6886AC66D12C19DE321F7209 /* Pods-SampleApp.debug.xcconfig */,
				E4C19406F720CA122B0856C4 /* Pods-SampleApp.release.xcconfig */,
				2B8DAC5C8E1C8CAC73D3DC8D /* Pods-NotificationServiceExtension.debug.xcconfig */,
				24B5A30AADA5127C79EF904C /* Pods-NotificationServiceExtension.release.xcconfig */,
			);
			path = Pods;
			sourceTree = "<group>";
		};
		48D6F15E251E1ECF006CA623 = {
			isa = PBXGroup;
			children = (
				48D6F169251E1ECF006CA623 /* SampleApp */,
				09DD87EE2861A00000F503C9 /* NotificationServiceExtension */,
				48D6F168251E1ECF006CA623 /* Products */,
				48D6F18C251E1F6D006CA623 /* Frameworks */,
				0E8356DCB01200646ECB0DB2 /* Pods */,
			);
			sourceTree = "<group>";
		};
		48D6F168251E1ECF006CA623 /* Products */ = {
			isa = PBXGroup;
			children = (
				48D6F167251E1ECF006CA623 /* SampleApp.app */,
				09DD87ED2861A00000F503C9 /* NotificationServiceExtension.appex */,
			);
			name = Products;
			sourceTree = "<group>";
		};
		48D6F169251E1ECF006CA623 /* SampleApp */ = {
			isa = PBXGroup;
			children = (
				965DD254263AE9E900FE0AC1 /* SampleApp.entitlements */,
				96AED98F26CFEFAD00F6C750 /* Delegates */,
				96AED98E26CFEF9C00F6C750 /* Resources */,
				96AED98D26CFEF8F00F6C750 /* Screens */,
			);
			path = SampleApp;
			sourceTree = "<group>";
		};
		48D6F18C251E1F6D006CA623 /* Frameworks */ = {
			isa = PBXGroup;
			children = (
				48005DCD253072E900B4E8BD /* XCTest.framework */,
				48D6F18D251E1F6D006CA623 /* RealifeTech.framework */,
				7AB1AA0FB8D493ED0238EC14 /* Pods_SampleApp.framework */,
				740D0FB3650CA4B8F284573E /* Pods_NotificationServiceExtension.framework */,
			);
			name = Frameworks;
			sourceTree = "<group>";
		};
		96AED98D26CFEF8F00F6C750 /* Screens */ = {
			isa = PBXGroup;
			children = (
				96AED99B26D0079200F6C750 /* AudienceCheckingView.swift */,
				96AED99226CFF4A500F6C750 /* DeviceRegistrationView.swift */,
				96AED99726CFF93300F6C750 /* EventsLoggingView.swift */,
				96AED99026CFEFF600F6C750 /* ModulesView.swift */,
				96AED99F26D00D2400F6C750 /* WebOrderingJourneyView.swift */,
				96AED99D26D00A2100F6C750 /* WebPageTypeGetterView.swift */,
				09DD87D02860632400F503C9 /* CreatablesSwiftUIExample */,
				09E05F4E285B03A5005C7B94 /* CreatablesUIKitExample */,
				3EFB4E3F27A4301D0004BE5E /* IdentityView.swift */,
				FA11F28D285CC2B0007B3D7C /* TrackPushView.swift */,
				96AED99426CFF4B000F6C750 /* Components */,
				09AD0B8F27FF202700958BAD /* Util */,
			);
			path = Screens;
			sourceTree = "<group>";
		};
		96AED98E26CFEF9C00F6C750 /* Resources */ = {
			isa = PBXGroup;
			children = (
				48D6F173251E1ED0006CA623 /* Assets.xcassets */,
				48D6F178251E1ED0006CA623 /* Info.plist */,
				48D6F175251E1ED0006CA623 /* LaunchScreen.storyboard */,
			);
			path = Resources;
			sourceTree = "<group>";
		};
		96AED98F26CFEFAD00F6C750 /* Delegates */ = {
			isa = PBXGroup;
			children = (
				48D6F16A251E1ECF006CA623 /* AppDelegate.swift */,
				48D6F16C251E1ECF006CA623 /* SceneDelegate.swift */,
			);
			path = Delegates;
			sourceTree = "<group>";
		};
		96AED99426CFF4B000F6C750 /* Components */ = {
			isa = PBXGroup;
			children = (
				96AED99526CFF5CA00F6C750 /* ResultView.swift */,
				96AED99926CFFC3200F6C750 /* TextInput.swift */,
				09AD0B8D27FEF11200958BAD /* BannerView.swift */,
			);
			path = Components;
			sourceTree = "<group>";
		};
/* End PBXGroup section */

/* Begin PBXNativeTarget section */
		09DD87EC2861A00000F503C9 /* NotificationServiceExtension */ = {
			isa = PBXNativeTarget;
			buildConfigurationList = 09DD87F52861A00000F503C9 /* Build configuration list for PBXNativeTarget "NotificationServiceExtension" */;
			buildPhases = (
				9C1E391FEACB24BC590FBF9C /* [CP] Check Pods Manifest.lock */,
				09DD87E92861A00000F503C9 /* Sources */,
				09DD87EA2861A00000F503C9 /* Frameworks */,
				09DD87EB2861A00000F503C9 /* Resources */,
			);
			buildRules = (
			);
			dependencies = (
			);
			name = NotificationServiceExtension;
			productName = NotificationServiceExtension;
			productReference = 09DD87ED2861A00000F503C9 /* NotificationServiceExtension.appex */;
			productType = "com.apple.product-type.app-extension";
		};
		48D6F166251E1ECF006CA623 /* SampleApp */ = {
			isa = PBXNativeTarget;
			buildConfigurationList = 48D6F186251E1ED0006CA623 /* Build configuration list for PBXNativeTarget "SampleApp" */;
			buildPhases = (
				D644AFE4D4432EBBD651CAA9 /* [CP] Check Pods Manifest.lock */,
				48D6F163251E1ECF006CA623 /* Sources */,
				48D6F164251E1ECF006CA623 /* Frameworks */,
				48D6F165251E1ECF006CA623 /* Resources */,
				C8B88701594EF2BD8062B8FE /* [CP] Embed Pods Frameworks */,
				09DD87F82861A00000F503C9 /* Embed App Extensions */,
			);
			buildRules = (
			);
			dependencies = (
				09DD87F32861A00000F503C9 /* PBXTargetDependency */,
			);
			name = SampleApp;
			productName = DummyProject;
			productReference = 48D6F167251E1ECF006CA623 /* SampleApp.app */;
			productType = "com.apple.product-type.application";
		};
/* End PBXNativeTarget section */

/* Begin PBXProject section */
		48D6F15F251E1ECF006CA623 /* Project object */ = {
			isa = PBXProject;
			attributes = {
				LastSwiftUpdateCheck = 1310;
				LastUpgradeCheck = 1130;
				ORGANIZATIONNAME = "Realife Tech";
				TargetAttributes = {
					09DD87EC2861A00000F503C9 = {
						CreatedOnToolsVersion = 13.1;
					};
					48D6F166251E1ECF006CA623 = {
						CreatedOnToolsVersion = 11.3.1;
					};
				};
			};
			buildConfigurationList = 48D6F162251E1ECF006CA623 /* Build configuration list for PBXProject "SampleApp" */;
			compatibilityVersion = "Xcode 9.3";
			developmentRegion = en;
			hasScannedForEncodings = 0;
			knownRegions = (
				en,
				Base,
			);
			mainGroup = 48D6F15E251E1ECF006CA623;
			productRefGroup = 48D6F168251E1ECF006CA623 /* Products */;
			projectDirPath = "";
			projectRoot = "";
			targets = (
				48D6F166251E1ECF006CA623 /* SampleApp */,
				09DD87EC2861A00000F503C9 /* NotificationServiceExtension */,
			);
		};
/* End PBXProject section */

/* Begin PBXResourcesBuildPhase section */
		09DD87EB2861A00000F503C9 /* Resources */ = {
			isa = PBXResourcesBuildPhase;
			buildActionMask = 2147483647;
			files = (
			);
			runOnlyForDeploymentPostprocessing = 0;
		};
		48D6F165251E1ECF006CA623 /* Resources */ = {
			isa = PBXResourcesBuildPhase;
			buildActionMask = 2147483647;
			files = (
				48D6F177251E1ED0006CA623 /* LaunchScreen.storyboard in Resources */,
				48D6F174251E1ED0006CA623 /* Assets.xcassets in Resources */,
			);
			runOnlyForDeploymentPostprocessing = 0;
		};
/* End PBXResourcesBuildPhase section */

/* Begin PBXShellScriptBuildPhase section */
		9C1E391FEACB24BC590FBF9C /* [CP] Check Pods Manifest.lock */ = {
			isa = PBXShellScriptBuildPhase;
			buildActionMask = 2147483647;
			files = (
			);
			inputFileListPaths = (
			);
			inputPaths = (
				"${PODS_PODFILE_DIR_PATH}/Podfile.lock",
				"${PODS_ROOT}/Manifest.lock",
			);
			name = "[CP] Check Pods Manifest.lock";
			outputFileListPaths = (
			);
			outputPaths = (
				"$(DERIVED_FILE_DIR)/Pods-NotificationServiceExtension-checkManifestLockResult.txt",
			);
			runOnlyForDeploymentPostprocessing = 0;
			shellPath = /bin/sh;
			shellScript = "diff \"${PODS_PODFILE_DIR_PATH}/Podfile.lock\" \"${PODS_ROOT}/Manifest.lock\" > /dev/null\nif [ $? != 0 ] ; then\n    # print error to STDERR\n    echo \"error: The sandbox is not in sync with the Podfile.lock. Run 'pod install' or update your CocoaPods installation.\" >&2\n    exit 1\nfi\n# This output is used by Xcode 'outputs' to avoid re-running this script phase.\necho \"SUCCESS\" > \"${SCRIPT_OUTPUT_FILE_0}\"\n";
			showEnvVarsInLog = 0;
		};
		C8B88701594EF2BD8062B8FE /* [CP] Embed Pods Frameworks */ = {
			isa = PBXShellScriptBuildPhase;
			buildActionMask = 2147483647;
			files = (
			);
			inputFileListPaths = (
				"${PODS_ROOT}/Target Support Files/Pods-SampleApp/Pods-SampleApp-frameworks-${CONFIGURATION}-input-files.xcfilelist",
			);
			name = "[CP] Embed Pods Frameworks";
			outputFileListPaths = (
				"${PODS_ROOT}/Target Support Files/Pods-SampleApp/Pods-SampleApp-frameworks-${CONFIGURATION}-output-files.xcfilelist",
			);
			runOnlyForDeploymentPostprocessing = 0;
			shellPath = /bin/sh;
			shellScript = "\"${PODS_ROOT}/Target Support Files/Pods-SampleApp/Pods-SampleApp-frameworks.sh\"\n";
			showEnvVarsInLog = 0;
		};
		D644AFE4D4432EBBD651CAA9 /* [CP] Check Pods Manifest.lock */ = {
			isa = PBXShellScriptBuildPhase;
			buildActionMask = 2147483647;
			files = (
			);
			inputFileListPaths = (
			);
			inputPaths = (
				"${PODS_PODFILE_DIR_PATH}/Podfile.lock",
				"${PODS_ROOT}/Manifest.lock",
			);
			name = "[CP] Check Pods Manifest.lock";
			outputFileListPaths = (
			);
			outputPaths = (
				"$(DERIVED_FILE_DIR)/Pods-SampleApp-checkManifestLockResult.txt",
			);
			runOnlyForDeploymentPostprocessing = 0;
			shellPath = /bin/sh;
			shellScript = "diff \"${PODS_PODFILE_DIR_PATH}/Podfile.lock\" \"${PODS_ROOT}/Manifest.lock\" > /dev/null\nif [ $? != 0 ] ; then\n    # print error to STDERR\n    echo \"error: The sandbox is not in sync with the Podfile.lock. Run 'pod install' or update your CocoaPods installation.\" >&2\n    exit 1\nfi\n# This output is used by Xcode 'outputs' to avoid re-running this script phase.\necho \"SUCCESS\" > \"${SCRIPT_OUTPUT_FILE_0}\"\n";
			showEnvVarsInLog = 0;
		};
/* End PBXShellScriptBuildPhase section */

/* Begin PBXSourcesBuildPhase section */
		09DD87E92861A00000F503C9 /* Sources */ = {
			isa = PBXSourcesBuildPhase;
			buildActionMask = 2147483647;
			files = (
				09DD87F02861A00000F503C9 /* NotificationService.swift in Sources */,
			);
			runOnlyForDeploymentPostprocessing = 0;
		};
		48D6F163251E1ECF006CA623 /* Sources */ = {
			isa = PBXSourcesBuildPhase;
			buildActionMask = 2147483647;
			files = (
				09AD0B9127FF20FD00958BAD /* ImageLoader.swift in Sources */,
				3ED5CD1C275E7A0F00C7D877 /* CreatablesView.swift in Sources */,
				96AED99326CFF4A500F6C750 /* DeviceRegistrationView.swift in Sources */,
				96AED99126CFEFF600F6C750 /* ModulesView.swift in Sources */,
				96AED99C26D0079200F6C750 /* AudienceCheckingView.swift in Sources */,
				96AED9A026D00D2400F6C750 /* WebOrderingJourneyView.swift in Sources */,
				09640C2228190184009C9626 /* ErrorHandler.swift in Sources */,
				09DD87D22860635100F503C9 /* CreatablesViewModel.swift in Sources */,
				48D6F16B251E1ECF006CA623 /* AppDelegate.swift in Sources */,
				FA11F28E285CC2B0007B3D7C /* TrackPushView.swift in Sources */,
				09E05F54285B03A5005C7B94 /* CreatablesExampleViewController.swift in Sources */,
				09E05F53285B03A5005C7B94 /* CreatablesExampleTableViewCell.swift in Sources */,
				96AED99826CFF93300F6C750 /* EventsLoggingView.swift in Sources */,
				48D6F16D251E1ECF006CA623 /* SceneDelegate.swift in Sources */,
				09640C1E2818FD14009C9626 /* StandardError.swift in Sources */,
				96AED99E26D00A2100F6C750 /* WebPageTypeGetterView.swift in Sources */,
				96AED99626CFF5CA00F6C750 /* ResultView.swift in Sources */,
				3EFB4E4027A4301D0004BE5E /* IdentityView.swift in Sources */,
				09AD0B8E27FEF11200958BAD /* BannerView.swift in Sources */,
				96AED99A26CFFC3200F6C750 /* TextInput.swift in Sources */,
				09E05F55285B03A5005C7B94 /* CreatablesExampleViewModel.swift in Sources */,
				09B901BE2817F92F005663F4 /* NotificationRegistrationHelper.swift in Sources */,
			);
			runOnlyForDeploymentPostprocessing = 0;
		};
/* End PBXSourcesBuildPhase section */

/* Begin PBXTargetDependency section */
		09DD87F32861A00000F503C9 /* PBXTargetDependency */ = {
			isa = PBXTargetDependency;
			target = 09DD87EC2861A00000F503C9 /* NotificationServiceExtension */;
			targetProxy = 09DD87F22861A00000F503C9 /* PBXContainerItemProxy */;
		};
/* End PBXTargetDependency section */

/* Begin PBXVariantGroup section */
		48D6F175251E1ED0006CA623 /* LaunchScreen.storyboard */ = {
			isa = PBXVariantGroup;
			children = (
				48D6F176251E1ED0006CA623 /* Base */,
			);
			name = LaunchScreen.storyboard;
			sourceTree = "<group>";
		};
/* End PBXVariantGroup section */

/* Begin XCBuildConfiguration section */
		09DD87F62861A00000F503C9 /* Debug */ = {
			isa = XCBuildConfiguration;
			baseConfigurationReference = 2B8DAC5C8E1C8CAC73D3DC8D /* Pods-NotificationServiceExtension.debug.xcconfig */;
			buildSettings = {
				ALWAYS_EMBED_SWIFT_STANDARD_LIBRARIES = YES;
				CLANG_CXX_LANGUAGE_STANDARD = "gnu++17";
				CODE_SIGN_ENTITLEMENTS = NotificationServiceExtension/NotificationServiceExtension.entitlements;
				CODE_SIGN_STYLE = Automatic;
				CURRENT_PROJECT_VERSION = 1;
				DEVELOPMENT_TEAM = BL7QL4ZK6J;
				GENERATE_INFOPLIST_FILE = YES;
				INFOPLIST_FILE = NotificationServiceExtension/Info.plist;
				INFOPLIST_KEY_CFBundleDisplayName = NotificationServiceExtension;
				INFOPLIST_KEY_NSHumanReadableCopyright = "Copyright © 2022 Realife Tech. All rights reserved.";
				IPHONEOS_DEPLOYMENT_TARGET = 13.1;
				LD_RUNPATH_SEARCH_PATHS = (
					"$(inherited)",
					"@executable_path/Frameworks",
					"@executable_path/../../Frameworks",
				);
				MARKETING_VERSION = 1.0;
				PRODUCT_BUNDLE_IDENTIFIER = com.concertlive.SampleApp.NotificationServiceExtension;
				PRODUCT_NAME = "$(TARGET_NAME)";
				SKIP_INSTALL = YES;
				SWIFT_EMIT_LOC_STRINGS = YES;
				SWIFT_VERSION = 5.0;
				TARGETED_DEVICE_FAMILY = "1,2";
			};
			name = Debug;
		};
		09DD87F72861A00000F503C9 /* Release */ = {
			isa = XCBuildConfiguration;
			baseConfigurationReference = 24B5A30AADA5127C79EF904C /* Pods-NotificationServiceExtension.release.xcconfig */;
			buildSettings = {
				ALWAYS_EMBED_SWIFT_STANDARD_LIBRARIES = YES;
				CLANG_CXX_LANGUAGE_STANDARD = "gnu++17";
				CODE_SIGN_ENTITLEMENTS = NotificationServiceExtension/NotificationServiceExtension.entitlements;
				CODE_SIGN_STYLE = Automatic;
				CURRENT_PROJECT_VERSION = 1;
				DEVELOPMENT_TEAM = BL7QL4ZK6J;
				GENERATE_INFOPLIST_FILE = YES;
				INFOPLIST_FILE = NotificationServiceExtension/Info.plist;
				INFOPLIST_KEY_CFBundleDisplayName = NotificationServiceExtension;
				INFOPLIST_KEY_NSHumanReadableCopyright = "Copyright © 2022 Realife Tech. All rights reserved.";
				IPHONEOS_DEPLOYMENT_TARGET = 13.1;
				LD_RUNPATH_SEARCH_PATHS = (
					"$(inherited)",
					"@executable_path/Frameworks",
					"@executable_path/../../Frameworks",
				);
				MARKETING_VERSION = 1.0;
				PRODUCT_BUNDLE_IDENTIFIER = com.concertlive.SampleApp.NotificationServiceExtension;
				PRODUCT_NAME = "$(TARGET_NAME)";
				SKIP_INSTALL = YES;
				SWIFT_EMIT_LOC_STRINGS = YES;
				SWIFT_VERSION = 5.0;
				TARGETED_DEVICE_FAMILY = "1,2";
			};
			name = Release;
		};
		48D6F184251E1ED0006CA623 /* Debug */ = {
			isa = XCBuildConfiguration;
			buildSettings = {
				ALWAYS_SEARCH_USER_PATHS = NO;
				CLANG_ANALYZER_NONNULL = YES;
				CLANG_ANALYZER_NUMBER_OBJECT_CONVERSION = YES_AGGRESSIVE;
				CLANG_CXX_LANGUAGE_STANDARD = "gnu++14";
				CLANG_CXX_LIBRARY = "libc++";
				CLANG_ENABLE_MODULES = YES;
				CLANG_ENABLE_OBJC_ARC = YES;
				CLANG_ENABLE_OBJC_WEAK = YES;
				CLANG_WARN_BLOCK_CAPTURE_AUTORELEASING = YES;
				CLANG_WARN_BOOL_CONVERSION = YES;
				CLANG_WARN_COMMA = YES;
				CLANG_WARN_CONSTANT_CONVERSION = YES;
				CLANG_WARN_DEPRECATED_OBJC_IMPLEMENTATIONS = YES;
				CLANG_WARN_DIRECT_OBJC_ISA_USAGE = YES_ERROR;
				CLANG_WARN_DOCUMENTATION_COMMENTS = YES;
				CLANG_WARN_EMPTY_BODY = YES;
				CLANG_WARN_ENUM_CONVERSION = YES;
				CLANG_WARN_INFINITE_RECURSION = YES;
				CLANG_WARN_INT_CONVERSION = YES;
				CLANG_WARN_NON_LITERAL_NULL_CONVERSION = YES;
				CLANG_WARN_OBJC_IMPLICIT_RETAIN_SELF = YES;
				CLANG_WARN_OBJC_LITERAL_CONVERSION = YES;
				CLANG_WARN_OBJC_ROOT_CLASS = YES_ERROR;
				CLANG_WARN_RANGE_LOOP_ANALYSIS = YES;
				CLANG_WARN_STRICT_PROTOTYPES = YES;
				CLANG_WARN_SUSPICIOUS_MOVE = YES;
				CLANG_WARN_UNGUARDED_AVAILABILITY = YES_AGGRESSIVE;
				CLANG_WARN_UNREACHABLE_CODE = YES;
				CLANG_WARN__DUPLICATE_METHOD_MATCH = YES;
				COPY_PHASE_STRIP = NO;
				DEBUG_INFORMATION_FORMAT = dwarf;
				ENABLE_STRICT_OBJC_MSGSEND = YES;
				ENABLE_TESTABILITY = YES;
				GCC_C_LANGUAGE_STANDARD = gnu11;
				GCC_DYNAMIC_NO_PIC = NO;
				GCC_NO_COMMON_BLOCKS = YES;
				GCC_OPTIMIZATION_LEVEL = 0;
				GCC_PREPROCESSOR_DEFINITIONS = (
					"DEBUG=1",
					"$(inherited)",
				);
				GCC_WARN_64_TO_32_BIT_CONVERSION = YES;
				GCC_WARN_ABOUT_RETURN_TYPE = YES_ERROR;
				GCC_WARN_UNDECLARED_SELECTOR = YES;
				GCC_WARN_UNINITIALIZED_AUTOS = YES_AGGRESSIVE;
				GCC_WARN_UNUSED_FUNCTION = YES;
				GCC_WARN_UNUSED_VARIABLE = YES;
				IPHONEOS_DEPLOYMENT_TARGET = 13.2;
				MTL_ENABLE_DEBUG_INFO = INCLUDE_SOURCE;
				MTL_FAST_MATH = YES;
				ONLY_ACTIVE_ARCH = YES;
				SDKROOT = iphoneos;
				SWIFT_ACTIVE_COMPILATION_CONDITIONS = DEBUG;
				SWIFT_OPTIMIZATION_LEVEL = "-Onone";
			};
			name = Debug;
		};
		48D6F185251E1ED0006CA623 /* Release */ = {
			isa = XCBuildConfiguration;
			buildSettings = {
				ALWAYS_SEARCH_USER_PATHS = NO;
				CLANG_ANALYZER_NONNULL = YES;
				CLANG_ANALYZER_NUMBER_OBJECT_CONVERSION = YES_AGGRESSIVE;
				CLANG_CXX_LANGUAGE_STANDARD = "gnu++14";
				CLANG_CXX_LIBRARY = "libc++";
				CLANG_ENABLE_MODULES = YES;
				CLANG_ENABLE_OBJC_ARC = YES;
				CLANG_ENABLE_OBJC_WEAK = YES;
				CLANG_WARN_BLOCK_CAPTURE_AUTORELEASING = YES;
				CLANG_WARN_BOOL_CONVERSION = YES;
				CLANG_WARN_COMMA = YES;
				CLANG_WARN_CONSTANT_CONVERSION = YES;
				CLANG_WARN_DEPRECATED_OBJC_IMPLEMENTATIONS = YES;
				CLANG_WARN_DIRECT_OBJC_ISA_USAGE = YES_ERROR;
				CLANG_WARN_DOCUMENTATION_COMMENTS = YES;
				CLANG_WARN_EMPTY_BODY = YES;
				CLANG_WARN_ENUM_CONVERSION = YES;
				CLANG_WARN_INFINITE_RECURSION = YES;
				CLANG_WARN_INT_CONVERSION = YES;
				CLANG_WARN_NON_LITERAL_NULL_CONVERSION = YES;
				CLANG_WARN_OBJC_IMPLICIT_RETAIN_SELF = YES;
				CLANG_WARN_OBJC_LITERAL_CONVERSION = YES;
				CLANG_WARN_OBJC_ROOT_CLASS = YES_ERROR;
				CLANG_WARN_RANGE_LOOP_ANALYSIS = YES;
				CLANG_WARN_STRICT_PROTOTYPES = YES;
				CLANG_WARN_SUSPICIOUS_MOVE = YES;
				CLANG_WARN_UNGUARDED_AVAILABILITY = YES_AGGRESSIVE;
				CLANG_WARN_UNREACHABLE_CODE = YES;
				CLANG_WARN__DUPLICATE_METHOD_MATCH = YES;
				COPY_PHASE_STRIP = NO;
				DEBUG_INFORMATION_FORMAT = "dwarf-with-dsym";
				ENABLE_NS_ASSERTIONS = NO;
				ENABLE_STRICT_OBJC_MSGSEND = YES;
				GCC_C_LANGUAGE_STANDARD = gnu11;
				GCC_NO_COMMON_BLOCKS = YES;
				GCC_WARN_64_TO_32_BIT_CONVERSION = YES;
				GCC_WARN_ABOUT_RETURN_TYPE = YES_ERROR;
				GCC_WARN_UNDECLARED_SELECTOR = YES;
				GCC_WARN_UNINITIALIZED_AUTOS = YES_AGGRESSIVE;
				GCC_WARN_UNUSED_FUNCTION = YES;
				GCC_WARN_UNUSED_VARIABLE = YES;
				IPHONEOS_DEPLOYMENT_TARGET = 13.2;
				MTL_ENABLE_DEBUG_INFO = NO;
				MTL_FAST_MATH = YES;
				SDKROOT = iphoneos;
				SWIFT_COMPILATION_MODE = wholemodule;
				SWIFT_OPTIMIZATION_LEVEL = "-O";
				VALIDATE_PRODUCT = YES;
			};
			name = Release;
		};
		48D6F187251E1ED0006CA623 /* Debug */ = {
			isa = XCBuildConfiguration;
			baseConfigurationReference = 6886AC66D12C19DE321F7209 /* Pods-SampleApp.debug.xcconfig */;
			buildSettings = {
				ASSETCATALOG_COMPILER_APPICON_NAME = AppIcon;
				CODE_SIGN_ENTITLEMENTS = SampleApp/SampleApp.entitlements;
				CODE_SIGN_IDENTITY = "Apple Development";
				CODE_SIGN_STYLE = Automatic;
				DEVELOPMENT_TEAM = BL7QL4ZK6J;
				INFOPLIST_FILE = SampleApp/Resources/Info.plist;
				IPHONEOS_DEPLOYMENT_TARGET = 13.1;
				LD_RUNPATH_SEARCH_PATHS = (
					"$(inherited)",
					"@executable_path/Frameworks",
				);
				PRODUCT_BUNDLE_IDENTIFIER = com.concertlive.SampleApp;
				PRODUCT_NAME = "$(TARGET_NAME)";
				PROVISIONING_PROFILE_SPECIFIER = "";
				SWIFT_VERSION = 5.0;
				TARGETED_DEVICE_FAMILY = 1;
			};
			name = Debug;
		};
		48D6F188251E1ED0006CA623 /* Release */ = {
			isa = XCBuildConfiguration;
			baseConfigurationReference = E4C19406F720CA122B0856C4 /* Pods-SampleApp.release.xcconfig */;
			buildSettings = {
				ASSETCATALOG_COMPILER_APPICON_NAME = AppIcon;
				CODE_SIGN_ENTITLEMENTS = SampleApp/SampleApp.entitlements;
				CODE_SIGN_IDENTITY = "Apple Development";
				CODE_SIGN_STYLE = Automatic;
				DEVELOPMENT_TEAM = BL7QL4ZK6J;
				INFOPLIST_FILE = SampleApp/Resources/Info.plist;
				IPHONEOS_DEPLOYMENT_TARGET = 13.1;
				LD_RUNPATH_SEARCH_PATHS = (
					"$(inherited)",
					"@executable_path/Frameworks",
				);
				PRODUCT_BUNDLE_IDENTIFIER = com.concertlive.SampleApp;
				PRODUCT_NAME = "$(TARGET_NAME)";
				PROVISIONING_PROFILE_SPECIFIER = "";
				SWIFT_VERSION = 5.0;
				TARGETED_DEVICE_FAMILY = 1;
			};
			name = Release;
		};
/* End XCBuildConfiguration section */

/* Begin XCConfigurationList section */
		09DD87F52861A00000F503C9 /* Build configuration list for PBXNativeTarget "NotificationServiceExtension" */ = {
			isa = XCConfigurationList;
			buildConfigurations = (
				09DD87F62861A00000F503C9 /* Debug */,
				09DD87F72861A00000F503C9 /* Release */,
			);
			defaultConfigurationIsVisible = 0;
			defaultConfigurationName = Release;
		};
		48D6F162251E1ECF006CA623 /* Build configuration list for PBXProject "SampleApp" */ = {
			isa = XCConfigurationList;
			buildConfigurations = (
				48D6F184251E1ED0006CA623 /* Debug */,
				48D6F185251E1ED0006CA623 /* Release */,
			);
			defaultConfigurationIsVisible = 0;
			defaultConfigurationName = Release;
		};
		48D6F186251E1ED0006CA623 /* Build configuration list for PBXNativeTarget "SampleApp" */ = {
			isa = XCConfigurationList;
			buildConfigurations = (
				48D6F187251E1ED0006CA623 /* Debug */,
				48D6F188251E1ED0006CA623 /* Release */,
			);
			defaultConfigurationIsVisible = 0;
			defaultConfigurationName = Release;
		};
/* End XCConfigurationList section */
	};
	rootObject = 48D6F15F251E1ECF006CA623 /* Project object */;
}
