PODS:
  - Apollo (0.40.0):
    - Apollo/Core (= 0.40.0)
  - Apollo/Core (0.40.0)
  - Apollo/SQLite (0.40.0):
    - Apollo/Core
    - SQLite.swift (~> 0.12.2)
  - RealifeTech-SDK (1.2.2):
    - RealifeTech-SDK/RealifeTech (= 1.2.2)
    - SwiftLint (~> 0.43.1)
  - RealifeTech-SDK/Core (1.2.2):
    - Apollo (~> 0.40.0)
    - Apollo/SQLite
    - RxCocoa (~> 6.1.0)
    - RxSwift (~> 6.1.0)
    - SwiftLint (~> 0.43.1)
  - RealifeTech-SDK/RealifeTech (1.2.2):
    - RealifeTech-SDK/Core
    - SwiftLint (~> 0.43.1)
  - RxCocoa (6.1.0):
    - RxRelay (= 6.1.0)
    - RxSwift (= 6.1.0)
  - RxRelay (6.1.0):
    - RxSwift (= 6.1.0)
  - RxSwift (6.1.0)
  - SQLite.swift (0.12.2):
    - SQLite.swift/standard (= 0.12.2)
  - SQLite.swift/standard (0.12.2)
  - SwiftLint (0.43.1)

DEPENDENCIES:
  - RealifeTech-SDK (from `../`)

SPEC REPOS:
  trunk:
    - Apollo
    - RxCocoa
    - RxRelay
    - RxSwift
    - SQLite.swift
    - SwiftLint

EXTERNAL SOURCES:
  RealifeTech-SDK:
    :path: "../"

SPEC CHECKSUMS:
  Apollo: 9fb70b598511a6212a81a34c00fa9bf8bac19a23
  RealifeTech-SDK: 0253c6e7579b746d9b410d516dc5aa0fbca340d0
  RxCocoa: 5c51f02d562cbd94629f6c26cf0c80fe4ab8d343
  RxRelay: 483e1a19fad961b41f0b0c0bee506f46c1ae14fe
  RxSwift: a834e5c538e89eca0cae86f403f4fbf0336786ce
  SQLite.swift: d2b4642190917051ce6bd1d49aab565fe794eea3
  SwiftLint: 99f82d07b837b942dd563c668de129a03fc3fb52

PODFILE CHECKSUM: c72ca01018f6498435b6d29c67f4bbc7d08daa04

COCOAPODS: 1.10.1
